$ terraform init
-----------------

Initializing the backend... 
Initializing provider plugins...
- Reusing previous version of kreuzwerker/docker from the dependency lock file
- Using previously-installed kreuzwerker/docker v3.0.2
Terraform has been successfully initialized!
You may now begin working with Terraform. Try running "terraform plan" to see
any changes that are required for your infrastructure. All Terraform commands
should now work.
If you ever set or change modules or backend configuration for Terraform,
rerun this command to reinitialize your working directory. If you forget, other
commands will detect it and remind you to do so if necessary.

$ terraform plan
-----------------

docker_image.nginx: Refreshing state... [id=sha256:4cad75abc83d5ca6ee22053d85850676eaef657ee9d723d7bef61179e1e1e485nginx:latest]
docker_container.nginx_container: Refreshing state... [id=da9bacdae98284174daae74b70086a33df99f2b3d41d48d6ff9297be40a418a4]

Terraform used the selected providers to generate the following execution plan. Resource actions are indicated with the following symbols:
-/+ destroy and then create replacement
Terraform will perform the following actions:
  # docker_container.nginx_container must be replaced
-/+ resource "docker_container" "nginx_container" {
 + bridge                                      = (known after apply)
      ~ command                                     = [
  - "nginx",
          - "-g",
          - "daemon off;",
        ] -> (known after apply)
      + container_logs                              = (known after apply)
      - cpu_shares                                  = 0 -> null
      - dns                                         = [] -> null
      - dns_opts                                    = [] -> null
      - dns_search                                  = [] -> null
      ~ entrypoint                                  = [
          - "/docker-entrypoint.sh",
        ] -> (known after apply)
      ~ env                                         = [] -> (known after apply)
      + exit_code                                   = (known after apply)
      - group_add                                   = [] -> null
      ~ hostname                                    = "da9bacdae982" -> (known after apply)
      ~ id                                          = "da9bacdae98284174daae74b70086a33df99f2b3d41d48d6ff9297be40a418a4" -> (known after apply)
      ~ image                                       = "sha256:4cad75abc83d5ca6ee22053d85850676eaef657ee9d723d7bef61179e1e1e485" -> "nginx:latest" # forces replacement
      ~ init                                        = false -> (known after apply)
      ~ ipc_mode                                    = "private" -> (known after apply)
      ~ log_driver                                  = "json-file" -> (known after apply)
      - log_opts                                    = {} -> null
      - max_retry_count                             = 0 -> null
      - memory                                      = 0 -> null
      - memory_swap                                 = 0 -> null
        name                                        = "nginx_server"
      ~ network_data                                = [
          - {
              - gateway                   = "172.17.0.1"
              - global_ipv6_prefix_length = 0
              - ip_address                = "172.17.0.2"
              - ip_prefix_length          = 16
              - mac_address               = "02:42:ac:11:00:02"
              - network_name              = "bridge"
                # (2 unchanged attributes hidden)
            },
        ] -> (known after apply)
      - network_mode                                = "bridge" -> null # forces replacement
      - privileged                                  = false -> null
      - publish_all_ports                           = false -> null
      ~ runtime                                     = "runc" -> (known after apply)
      ~ security_opts                               = [] -> (known after apply)
      ~ shm_size                                    = 64 -> (known after apply)
      ~ stop_signal                                 = "SIGQUIT" -> (known after apply)
      ~ stop_timeout                                = 0 -> (known after apply)
      - storage_opts                                = {} -> null
      - sysctls                                     = {} -> null
      - tmpfs                                       = {} -> null
        # (19 unchanged attributes hidden)

      ~ healthcheck (known after apply)

      ~ labels (known after apply)

        # (1 unchanged block hidden)
    }

Plan: 1 to add, 0 to change, 1 to destroy.

$ terraform apply -auto-approve
--------------------------------

docker_image.nginx: Refreshing state... [id=sha256:4cad75abc83d5ca6ee22053d85850676eaef657ee9d723d7bef61179e1e1e485nginx:latest]
docker_container.nginx_container: Refreshing state... [id=da9bacdae98284174daae74b70086a33df99f2b3d41d48d6ff9297be40a418a4]

Terraform used the selected providers to generate the following execution plan. Resource actions are indicated with the following symbols:
-/+ destroy and then create replacement

Terraform will perform the following actions:
  # docker_container.nginx_container must be replaced
-/+ resource "docker_container" "nginx_container" {
      + bridge                                      = (known after apply)
      ~ command                                     = [
          - "nginx",
          - "-g",
          - "daemon off;",
        ] -> (known after apply)
      + container_logs                              = (known after apply)
      - cpu_shares                                  = 0 -> null
      - dns                                         = [] -> null
      - dns_opts                                    = [] -> null
      - dns_search                                  = [] -> null
      ~ entrypoint                                  = [
          - "/docker-entrypoint.sh",
        ] -> (known after apply)
      ~ env                                         = [] -> (known after apply)
      + exit_code                                   = (known after apply)
      - group_add                                   = [] -> null
      ~ hostname                                    = "da9bacdae982" -> (known after apply)
      ~ id                                          = "da9bacdae98284174daae74b70086a33df99f2b3d41d48d6ff9297be40a418a4" -> (known after apply)
      ~ image                                       = "sha256:4cad75abc83d5ca6ee22053d85850676eaef657ee9d723d7bef61179e1e1e485" -> "nginx:latest" # forces replacement
      ~ init                                        = false -> (known after apply)
      ~ ipc_mode                                    = "private" -> (known after apply)
      ~ log_driver                                  = "json-file" -> (known after apply)
      - log_opts                                    = {} -> null
      - max_retry_count                             = 0 -> null
      - memory                                      = 0 -> null
      - memory_swap                                 = 0 -> null
        name                                        = "nginx_server"
      ~ network_data                                = [
          - {
              - gateway                   = "172.17.0.1"
              - global_ipv6_prefix_length = 0
              - ip_address                = "172.17.0.2"
              - ip_prefix_length          = 16
              - mac_address               = "02:42:ac:11:00:02"
              - network_name              = "bridge"
                # (2 unchanged attributes hidden)
            },
        ] -> (known after apply)
      - network_mode                                = "bridge" -> null # forces replacement
      - privileged                                  = false -> null
      - publish_all_ports                           = false -> null
      ~ runtime                                     = "runc" -> (known after apply)
      ~ security_opts                               = [] -> (known after apply)
      ~ shm_size                                    = 64 -> (known after apply)
      ~ stop_signal                                 = "SIGQUIT" -> (known after apply)
      ~ stop_timeout                                = 0 -> (known after apply)
      - storage_opts                                = {} -> null
      - sysctls                                     = {} -> null
      - tmpfs                                       = {} -> null
        # (19 unchanged attributes hidden)

      ~ healthcheck (known after apply)

      ~ labels (known after apply)

        # (1 unchanged block hidden)
    }

Plan: 1 to add, 0 to change, 1 to destroy.
docker_container.nginx_container: Destroying... [id=da9bacdae98284174daae74b70086a33df99f2b3d41d48d6ff9297be40a418a4]
docker_container.nginx_container: Destruction complete after 0s
docker_container.nginx_container: Creating...
docker_container.nginx_container: Creation complete after 1s [id=9ee64a7020e9adb6cd485a5f245ec1c5f052330da9c331df13d1284771b07ce4]

Apply complete! Resources: 1 added, 0 changed, 1 destroyed.

$ docker ps
------------

CONTAINER ID   IMAGE          COMMAND                  CREATED          STATUS          PORTS                  NAMES
9ee64a7020e9   nginx:latest   "/docker-entrypoint.…"   27 seconds ago   Up 27 seconds   0.0.0.0:8080->80/tcp   nginx_server

$ terraform state list
-----------------------

docker_container.nginx_container
docker_image.nginx

$ terraform destroy -auto-approve
----------------------------------

docker_image.nginx: Refreshing state... [id=sha256:4cad75abc83d5ca6ee22053d85850676eaef657ee9d723d7bef61179e1e1e485nginx:latest]
docker_container.nginx_container: Refreshing state... [id=9ee64a7020e9adb6cd485a5f245ec1c5f052330da9c331df13d1284771b07ce4]

Terraform used the selected providers to generate the following execution plan. Resource actions are indicated with the following symbols:
  - destroy

Terraform will perform the following actions:

  # docker_container.nginx_container will be destroyed
  - resource "docker_container" "nginx_container" {
      - attach                                      = false -> null
      - command                                     = [
          - "nginx",
          - "-g",
          - "daemon off;",
        ] -> null
      - container_read_refresh_timeout_milliseconds = 15000 -> null
      - cpu_shares                                  = 0 -> null
      - dns                                         = [] -> null
      - dns_opts                                    = [] -> null
      - dns_search                                  = [] -> null
      - entrypoint                                  = [
          - "/docker-entrypoint.sh",
        ] -> null
      - env                                         = [] -> null
      - group_add                                   = [] -> null
      - hostname                                    = "9ee64a7020e9" -> null
      - id                                          = "9ee64a7020e9adb6cd485a5f245ec1c5f052330da9c331df13d1284771b07ce4" -> null
      - image                                       = "sha256:4cad75abc83d5ca6ee22053d85850676eaef657ee9d723d7bef61179e1e1e485" -> null
      - init                                        = false -> null
      - ipc_mode                                    = "private" -> null
      - log_driver                                  = "json-file" -> null
      - log_opts                                    = {} -> null
      - logs                                        = false -> null
      - max_retry_count                             = 0 -> null
      - memory                                      = 0 -> null
      - memory_swap                                 = 0 -> null
      - must_run                                    = true -> null
      - name                                        = "nginx_server" -> null
      - network_data                                = [
          - {
              - gateway                   = "172.17.0.1"
              - global_ipv6_prefix_length = 0
              - ip_address                = "172.17.0.2"
              - ip_prefix_length          = 16
              - mac_address               = "02:42:ac:11:00:02"
              - network_name              = "bridge"
                # (2 unchanged attributes hidden)
            },
        ] -> null
      - network_mode                                = "bridge" -> null
      - privileged                                  = false -> null
      - publish_all_ports                           = false -> null
      - read_only                                   = false -> null
      - remove_volumes                              = true -> null
      - restart                                     = "no" -> null
      - rm                                          = false -> null
      - runtime                                     = "runc" -> null
      - security_opts                               = [] -> null
      - shm_size                                    = 64 -> null
      - start                                       = true -> null
      - stdin_open                                  = false -> null
      - stop_signal                                 = "SIGQUIT" -> null
      - stop_timeout                                = 0 -> null
      - storage_opts                                = {} -> null
      - sysctls                                     = {} -> null
      - tmpfs                                       = {} -> null
      - tty                                         = false -> null
      - wait                                        = false -> null
      - wait_timeout                                = 60 -> null
        # (7 unchanged attributes hidden)

      - ports {
          - external = 8080 -> null
          - internal = 80 -> null
          - ip       = "0.0.0.0" -> null
          - protocol = "tcp" -> null
        }
    }

  # docker_image.nginx will be destroyed
  - resource "docker_image" "nginx" {
      - id          = "sha256:4cad75abc83d5ca6ee22053d85850676eaef657ee9d723d7bef61179e1e1e485nginx:latest" -> null
      - image_id    = "sha256:4cad75abc83d5ca6ee22053d85850676eaef657ee9d723d7bef61179e1e1e485" -> null
      - name        = "nginx:latest" -> null
      - repo_digest = "nginx@sha256:09369da6b10306312cd908661320086bf87fbae1b6b0c49a1f50ba531fef2eab" -> null
    }

Plan: 0 to add, 0 to change, 2 to destroy.
docker_container.nginx_container: Destroying... [id=9ee64a7020e9adb6cd485a5f245ec1c5f052330da9c331df13d1284771b07ce4]
docker_container.nginx_container: Destruction complete after 1s
docker_image.nginx: Destroying... [id=sha256:4cad75abc83d5ca6ee22053d85850676eaef657ee9d723d7bef61179e1e1e485nginx:latest]
docker_image.nginx: Destruction complete after 0s

Destroy complete! Resources: 2 destroyed.

